// !$*UTF8*$!
{
	archiveVersion = 1;
	classes = {
	};
	objectVersion = 55;
	objects = {

/* Begin PBXBuildFile section */
		BDBE48D528AE110C00F95F83 /* LandmarkList.swift in Sources */ = {isa = PBXBuildFile; fileRef = BDBE48D428AE110C00F95F83 /* LandmarkList.swift */; };
		BDBE48D728AE155400F95F83 /* LandmarkDetail.swift in Sources */ = {isa = PBXBuildFile; fileRef = BDBE48D628AE155400F95F83 /* LandmarkDetail.swift */; };
		BDBE48D928AE2EDB00F95F83 /* FavoriteButton.swift in Sources */ = {isa = PBXBuildFile; fileRef = BDBE48D828AE2EDB00F95F83 /* FavoriteButton.swift */; };
		BDBE48DD28AE4EFD00F95F83 /* HexagonParameters.swift in Sources */ = {isa = PBXBuildFile; fileRef = BDBE48DC28AE4EFD00F95F83 /* HexagonParameters.swift */; };
		BDBE48DF28AE58B900F95F83 /* BadgeBackground.swift in Sources */ = {isa = PBXBuildFile; fileRef = BDBE48DE28AE58B900F95F83 /* BadgeBackground.swift */; };
		BDC27A2328AF69D8006E9830 /* BadgeSymbol.swift in Sources */ = {isa = PBXBuildFile; fileRef = BDC27A2228AF69D8006E9830 /* BadgeSymbol.swift */; };
		BDC27A2528AF7118006E9830 /* RotatedBadgeSymbol.swift in Sources */ = {isa = PBXBuildFile; fileRef = BDC27A2428AF7118006E9830 /* RotatedBadgeSymbol.swift */; };
		BDC2B4C528AD0696005EA2E1 /* tutorialApp.swift in Sources */ = {isa = PBXBuildFile; fileRef = BDC2B4C428AD0696005EA2E1 /* tutorialApp.swift */; };
		BDC2B4C728AD0696005EA2E1 /* ContentView.swift in Sources */ = {isa = PBXBuildFile; fileRef = BDC2B4C628AD0696005EA2E1 /* ContentView.swift */; };
		BDC2B4C928AD0699005EA2E1 /* Assets.xcassets in Resources */ = {isa = PBXBuildFile; fileRef = BDC2B4C828AD0699005EA2E1 /* Assets.xcassets */; };
		BDC2B4CC28AD0699005EA2E1 /* Preview Assets.xcassets in Resources */ = {isa = PBXBuildFile; fileRef = BDC2B4CB28AD0699005EA2E1 /* Preview Assets.xcassets */; };
		BDC2B4D328AD1D6D005EA2E1 /* MapView.swift in Sources */ = {isa = PBXBuildFile; fileRef = BDC2B4D228AD1D6D005EA2E1 /* MapView.swift */; };
		BDC2B4D528AD1E3B005EA2E1 /* CircleImage.swift in Sources */ = {isa = PBXBuildFile; fileRef = BDC2B4D428AD1E3B005EA2E1 /* CircleImage.swift */; };
		BDC2B4D728AD217E005EA2E1 /* Landmark.swift in Sources */ = {isa = PBXBuildFile; fileRef = BDC2B4D628AD217E005EA2E1 /* Landmark.swift */; };
		BDC2B4D928AD2332005EA2E1 /* ModelData.swift in Sources */ = {isa = PBXBuildFile; fileRef = BDC2B4D828AD2332005EA2E1 /* ModelData.swift */; };
		BDC2B4DD28AD254E005EA2E1 /* landmarkData.json in Resources */ = {isa = PBXBuildFile; fileRef = BDC2B4DC28AD254E005EA2E1 /* landmarkData.json */; };
		BDC2B4E028AD2613005EA2E1 /* LandmarkRow.swift in Sources */ = {isa = PBXBuildFile; fileRef = BDC2B4DF28AD2613005EA2E1 /* LandmarkRow.swift */; };
/* End PBXBuildFile section */

/* Begin PBXFileReference section */
		BDBE48D428AE110C00F95F83 /* LandmarkList.swift */ = {isa = PBXFileReference; lastKnownFileType = sourcecode.swift; path = LandmarkList.swift; sourceTree = "<group>"; };
		BDBE48D628AE155400F95F83 /* LandmarkDetail.swift */ = {isa = PBXFileReference; lastKnownFileType = sourcecode.swift; path = LandmarkDetail.swift; sourceTree = "<group>"; };
		BDBE48D828AE2EDB00F95F83 /* FavoriteButton.swift */ = {isa = PBXFileReference; lastKnownFileType = sourcecode.swift; path = FavoriteButton.swift; sourceTree = "<group>"; };
		BDBE48DC28AE4EFD00F95F83 /* HexagonParameters.swift */ = {isa = PBXFileReference; lastKnownFileType = sourcecode.swift; path = HexagonParameters.swift; sourceTree = "<group>"; };
		BDBE48DE28AE58B900F95F83 /* BadgeBackground.swift */ = {isa = PBXFileReference; lastKnownFileType = sourcecode.swift; path = BadgeBackground.swift; sourceTree = "<group>"; };
		BDC27A2228AF69D8006E9830 /* BadgeSymbol.swift */ = {isa = PBXFileReference; lastKnownFileType = sourcecode.swift; path = BadgeSymbol.swift; sourceTree = "<group>"; };
		BDC27A2428AF7118006E9830 /* RotatedBadgeSymbol.swift */ = {isa = PBXFileReference; lastKnownFileType = sourcecode.swift; path = RotatedBadgeSymbol.swift; sourceTree = "<group>"; };
		BDC2B4C128AD0696005EA2E1 /* tutorial.app */ = {isa = PBXFileReference; explicitFileType = wrapper.application; includeInIndex = 0; path = tutorial.app; sourceTree = BUILT_PRODUCTS_DIR; };
		BDC2B4C428AD0696005EA2E1 /* tutorialApp.swift */ = {isa = PBXFileReference; lastKnownFileType = sourcecode.swift; path = tutorialApp.swift; sourceTree = "<group>"; };
		BDC2B4C628AD0696005EA2E1 /* ContentView.swift */ = {isa = PBXFileReference; lastKnownFileType = sourcecode.swift; path = ContentView.swift; sourceTree = "<group>"; };
		BDC2B4C828AD0699005EA2E1 /* Assets.xcassets */ = {isa = PBXFileReference; lastKnownFileType = folder.assetcatalog; path = Assets.xcassets; sourceTree = "<group>"; };
		BDC2B4CB28AD0699005EA2E1 /* Preview Assets.xcassets */ = {isa = PBXFileReference; lastKnownFileType = folder.assetcatalog; path = "Preview Assets.xcassets"; sourceTree = "<group>"; };
		BDC2B4D228AD1D6D005EA2E1 /* MapView.swift */ = {isa = PBXFileReference; lastKnownFileType = sourcecode.swift; path = MapView.swift; sourceTree = "<group>"; };
		BDC2B4D428AD1E3B005EA2E1 /* CircleImage.swift */ = {isa = PBXFileReference; lastKnownFileType = sourcecode.swift; path = CircleImage.swift; sourceTree = "<group>"; };
		BDC2B4D628AD217E005EA2E1 /* Landmark.swift */ = {isa = PBXFileReference; lastKnownFileType = sourcecode.swift; path = Landmark.swift; sourceTree = "<group>"; };
		BDC2B4D828AD2332005EA2E1 /* ModelData.swift */ = {isa = PBXFileReference; lastKnownFileType = sourcecode.swift; path = ModelData.swift; sourceTree = "<group>"; };
		BDC2B4DC28AD254E005EA2E1 /* landmarkData.json */ = {isa = PBXFileReference; fileEncoding = 4; lastKnownFileType = text.json; path = landmarkData.json; sourceTree = "<group>"; };
		BDC2B4DF28AD2613005EA2E1 /* LandmarkRow.swift */ = {isa = PBXFileReference; lastKnownFileType = sourcecode.swift; path = LandmarkRow.swift; sourceTree = "<group>"; };
/* End PBXFileReference section */

/* Begin PBXFrameworksBuildPhase section */
		BDC2B4BE28AD0696005EA2E1 /* Frameworks */ = {
			isa = PBXFrameworksBuildPhase;
			buildActionMask = 2147483647;
			files = (
			);
			runOnlyForDeploymentPostprocessing = 0;
		};
/* End PBXFrameworksBuildPhase section */

/* Begin PBXGroup section */
		BDBE48DA28AE2FA600F95F83 /* Landmarks */ = {
			isa = PBXGroup;
			children = (
				BDBE48D628AE155400F95F83 /* LandmarkDetail.swift */,
				BDC2B4DF28AD2613005EA2E1 /* LandmarkRow.swift */,
				BDBE48D428AE110C00F95F83 /* LandmarkList.swift */,
			);
			path = Landmarks;
			sourceTree = "<group>";
		};
		BDBE48DB28AE2FB300F95F83 /* Helpers */ = {
			isa = PBXGroup;
			children = (
				BDBE48D828AE2EDB00F95F83 /* FavoriteButton.swift */,
				BDC2B4D428AD1E3B005EA2E1 /* CircleImage.swift */,
				BDC2B4D228AD1D6D005EA2E1 /* MapView.swift */,
			);
			path = Helpers;
			sourceTree = "<group>";
		};
		BDC2B4B828AD0696005EA2E1 = {
			isa = PBXGroup;
			children = (
				BDC2B4C328AD0696005EA2E1 /* tutorial */,
				BDC2B4C228AD0696005EA2E1 /* Products */,
			);
			sourceTree = "<group>";
		};
		BDC2B4C228AD0696005EA2E1 /* Products */ = {
			isa = PBXGroup;
			children = (
				BDC2B4C128AD0696005EA2E1 /* tutorial.app */,
			);
			name = Products;
			sourceTree = "<group>";
		};
		BDC2B4C328AD0696005EA2E1 /* tutorial */ = {
			isa = PBXGroup;
			children = (
				BDC2B4C428AD0696005EA2E1 /* tutorialApp.swift */,
				BDC2B4DE28AD2572005EA2E1 /* Resource */,
				BDC2B4DA28AD24D6005EA2E1 /* Views */,
				BDC2B4C828AD0699005EA2E1 /* Assets.xcassets */,
				BDC2B4CA28AD0699005EA2E1 /* Preview Content */,
				BDC2B4DB28AD24FC005EA2E1 /* Model */,
			);
			path = tutorial;
			sourceTree = "<group>";
		};
		BDC2B4CA28AD0699005EA2E1 /* Preview Content */ = {
			isa = PBXGroup;
			children = (
				BDC2B4CB28AD0699005EA2E1 /* Preview Assets.xcassets */,
			);
			path = "Preview Content";
			sourceTree = "<group>";
		};
		BDC2B4DA28AD24D6005EA2E1 /* Views */ = {
			isa = PBXGroup;
			children = (
				BDC2B4C628AD0696005EA2E1 /* ContentView.swift */,
				BDBE48DC28AE4EFD00F95F83 /* HexagonParameters.swift */,
				BDBE48DB28AE2FB300F95F83 /* Helpers */,
				BDBE48DA28AE2FA600F95F83 /* Landmarks */,
				BDBE48DE28AE58B900F95F83 /* BadgeBackground.swift */,
				BDC27A2228AF69D8006E9830 /* BadgeSymbol.swift */,
				BDC27A2428AF7118006E9830 /* RotatedBadgeSymbol.swift */,
			);
			path = Views;
			sourceTree = "<group>";
		};
		BDC2B4DB28AD24FC005EA2E1 /* Model */ = {
			isa = PBXGroup;
			children = (
				BDC2B4D828AD2332005EA2E1 /* ModelData.swift */,
				BDC2B4D628AD217E005EA2E1 /* Landmark.swift */,
			);
			path = Model;
			sourceTree = "<group>";
		};
		BDC2B4DE28AD2572005EA2E1 /* Resource */ = {
			isa = PBXGroup;
			children = (
				BDC2B4DC28AD254E005EA2E1 /* landmarkData.json */,
			);
			path = Resource;
			sourceTree = "<group>";
		};
/* End PBXGroup section */

/* Begin PBXNativeTarget section */
		BDC2B4C028AD0696005EA2E1 /* tutorial */ = {
			isa = PBXNativeTarget;
			buildConfigurationList = BDC2B4CF28AD0699005EA2E1 /* Build configuration list for PBXNativeTarget "tutorial" */;
			buildPhases = (
				BDC2B4BD28AD0696005EA2E1 /* Sources */,
				BDC2B4BE28AD0696005EA2E1 /* Frameworks */,
				BDC2B4BF28AD0696005EA2E1 /* Resources */,
			);
			buildRules = (
			);
			dependencies = (
			);
			name = tutorial;
			productName = tutorial;
			productReference = BDC2B4C128AD0696005EA2E1 /* tutorial.app */;
			productType = "com.apple.product-type.application";
		};
/* End PBXNativeTarget section */

/* Begin PBXProject section */
		BDC2B4B928AD0696005EA2E1 /* Project object */ = {
			isa = PBXProject;
			attributes = {
				BuildIndependentTargetsInParallel = 1;
				LastSwiftUpdateCheck = 1340;
				LastUpgradeCheck = 1340;
				TargetAttributes = {
					BDC2B4C028AD0696005EA2E1 = {
						CreatedOnToolsVersion = 13.4;
					};
				};
			};
			buildConfigurationList = BDC2B4BC28AD0696005EA2E1 /* Build configuration list for PBXProject "tutorial" */;
			compatibilityVersion = "Xcode 13.0";
			developmentRegion = en;
			hasScannedForEncodings = 0;
			knownRegions = (
				en,
				Base,
			);
			mainGroup = BDC2B4B828AD0696005EA2E1;
			productRefGroup = BDC2B4C228AD0696005EA2E1 /* Products */;
			projectDirPath = "";
			projectRoot = "";
			targets = (
				BDC2B4C028AD0696005EA2E1 /* tutorial */,
			);
		};
/* End PBXProject section */

/* Begin PBXResourcesBuildPhase section */
		BDC2B4BF28AD0696005EA2E1 /* Resources */ = {
			isa = PBXResourcesBuildPhase;
			buildActionMask = 2147483647;
			files = (
				BDC2B4CC28AD0699005EA2E1 /* Preview Assets.xcassets in Resources */,
				BDC2B4C928AD0699005EA2E1 /* Assets.xcassets in Resources */,
				BDC2B4DD28AD254E005EA2E1 /* landmarkData.json in Resources */,
			);
			runOnlyForDeploymentPostprocessing = 0;
		};
/* End PBXResourcesBuildPhase section */

/* Begin PBXSourcesBuildPhase section */
		BDC2B4BD28AD0696005EA2E1 /* Sources */ = {
			isa = PBXSourcesBuildPhase;
			buildActionMask = 2147483647;
			files = (
				BDC2B4C728AD0696005EA2E1 /* ContentView.swift in Sources */,
				BDC2B4D528AD1E3B005EA2E1 /* CircleImage.swift in Sources */,
				BDC2B4D328AD1D6D005EA2E1 /* MapView.swift in Sources */,
				BDBE48D928AE2EDB00F95F83 /* FavoriteButton.swift in Sources */,
				BDBE48DD28AE4EFD00F95F83 /* HexagonParameters.swift in Sources */,
				BDC27A2528AF7118006E9830 /* RotatedBadgeSymbol.swift in Sources */,
				BDC27A2328AF69D8006E9830 /* BadgeSymbol.swift in Sources */,
				BDBE48D528AE110C00F95F83 /* LandmarkList.swift in Sources */,
				BDBE48D728AE155400F95F83 /* LandmarkDetail.swift in Sources */,
				BDBE48DF28AE58B900F95F83 /* BadgeBackground.swift in Sources */,
				BDC2B4C528AD0696005EA2E1 /* tutorialApp.swift in Sources */,
				BDC2B4D728AD217E005EA2E1 /* Landmark.swift in Sources */,
				BDC2B4E028AD2613005EA2E1 /* LandmarkRow.swift in Sources */,
				BDC2B4D928AD2332005EA2E1 /* ModelData.swift in Sources */,
			);
			runOnlyForDeploymentPostprocessing = 0;
		};
/* End PBXSourcesBuildPhase section */

/* Begin XCBuildConfiguration section */
		BDC2B4CD28AD0699005EA2E1 /* Debug */ = {
			isa = XCBuildConfiguration;
			buildSettings = {
				ALWAYS_SEARCH_USER_PATHS = NO;
				CLANG_ANALYZER_NONNULL = YES;
				CLANG_ANALYZER_NUMBER_OBJECT_CONVERSION = YES_AGGRESSIVE;
				CLANG_CXX_LANGUAGE_STANDARD = "gnu++17";
				CLANG_ENABLE_MODULES = YES;
				CLANG_ENABLE_OBJC_ARC = YES;
				CLANG_ENABLE_OBJC_WEAK = YES;
				CLANG_WARN_BLOCK_CAPTURE_AUTORELEASING = YES;
				CLANG_WARN_BOOL_CONVERSION = YES;
				CLANG_WARN_COMMA = YES;
				CLANG_WARN_CONSTANT_CONVERSION = YES;
				CLANG_WARN_DEPRECATED_OBJC_IMPLEMENTATIONS = YES;
				CLANG_WARN_DIRECT_OBJC_ISA_USAGE = YES_ERROR;
				CLANG_WARN_DOCUMENTATION_COMMENTS = YES;
				CLANG_WARN_EMPTY_BODY = YES;
				CLANG_WARN_ENUM_CONVERSION = YES;
				CLANG_WARN_INFINITE_RECURSION = YES;
				CLANG_WARN_INT_CONVERSION = YES;
				CLANG_WARN_NON_LITERAL_NULL_CONVERSION = YES;
				CLANG_WARN_OBJC_IMPLICIT_RETAIN_SELF = YES;
				CLANG_WARN_OBJC_LITERAL_CONVERSION = YES;
				CLANG_WARN_OBJC_ROOT_CLASS = YES_ERROR;
				CLANG_WARN_QUOTED_INCLUDE_IN_FRAMEWORK_HEADER = YES;
				CLANG_WARN_RANGE_LOOP_ANALYSIS = YES;
				CLANG_WARN_STRICT_PROTOTYPES = YES;
				CLANG_WARN_SUSPICIOUS_MOVE = YES;
				CLANG_WARN_UNGUARDED_AVAILABILITY = YES_AGGRESSIVE;
				CLANG_WARN_UNREACHABLE_CODE = YES;
				CLANG_WARN__DUPLICATE_METHOD_MATCH = YES;
				COPY_PHASE_STRIP = NO;
				DEBUG_INFORMATION_FORMAT = dwarf;
				ENABLE_STRICT_OBJC_MSGSEND = YES;
				ENABLE_TESTABILITY = YES;
				GCC_C_LANGUAGE_STANDARD = gnu11;
				GCC_DYNAMIC_NO_PIC = NO;
				GCC_NO_COMMON_BLOCKS = YES;
				GCC_OPTIMIZATION_LEVEL = 0;
				GCC_PREPROCESSOR_DEFINITIONS = (
					"DEBUG=1",
					"$(inherited)",
				);
				GCC_WARN_64_TO_32_BIT_CONVERSION = YES;
				GCC_WARN_ABOUT_RETURN_TYPE = YES_ERROR;
				GCC_WARN_UNDECLARED_SELECTOR = YES;
				GCC_WARN_UNINITIALIZED_AUTOS = YES_AGGRESSIVE;
				GCC_WARN_UNUSED_FUNCTION = YES;
				GCC_WARN_UNUSED_VARIABLE = YES;
				IPHONEOS_DEPLOYMENT_TARGET = 15.5;
				MTL_ENABLE_DEBUG_INFO = INCLUDE_SOURCE;
				MTL_FAST_MATH = YES;
				ONLY_ACTIVE_ARCH = YES;
				SDKROOT = iphoneos;
				SWIFT_ACTIVE_COMPILATION_CONDITIONS = DEBUG;
				SWIFT_OPTIMIZATION_LEVEL = "-Onone";
			};
			name = Debug;
		};
		BDC2B4CE28AD0699005EA2E1 /* Release */ = {
			isa = XCBuildConfiguration;
			buildSettings = {
				ALWAYS_SEARCH_USER_PATHS = NO;
				CLANG_ANALYZER_NONNULL = YES;
				CLANG_ANALYZER_NUMBER_OBJECT_CONVERSION = YES_AGGRESSIVE;
				CLANG_CXX_LANGUAGE_STANDARD = "gnu++17";
				CLANG_ENABLE_MODULES = YES;
				CLANG_ENABLE_OBJC_ARC = YES;
				CLANG_ENABLE_OBJC_WEAK = YES;
				CLANG_WARN_BLOCK_CAPTURE_AUTORELEASING = YES;
				CLANG_WARN_BOOL_CONVERSION = YES;
				CLANG_WARN_COMMA = YES;
				CLANG_WARN_CONSTANT_CONVERSION = YES;
				CLANG_WARN_DEPRECATED_OBJC_IMPLEMENTATIONS = YES;
				CLANG_WARN_DIRECT_OBJC_ISA_USAGE = YES_ERROR;
				CLANG_WARN_DOCUMENTATION_COMMENTS = YES;
				CLANG_WARN_EMPTY_BODY = YES;
				CLANG_WARN_ENUM_CONVERSION = YES;
				CLANG_WARN_INFINITE_RECURSION = YES;
				CLANG_WARN_INT_CONVERSION = YES;
				CLANG_WARN_NON_LITERAL_NULL_CONVERSION = YES;
				CLANG_WARN_OBJC_IMPLICIT_RETAIN_SELF = YES;
				CLANG_WARN_OBJC_LITERAL_CONVERSION = YES;
				CLANG_WARN_OBJC_ROOT_CLASS = YES_ERROR;
				CLANG_WARN_QUOTED_INCLUDE_IN_FRAMEWORK_HEADER = YES;
				CLANG_WARN_RANGE_LOOP_ANALYSIS = YES;
				CLANG_WARN_STRICT_PROTOTYPES = YES;
				CLANG_WARN_SUSPICIOUS_MOVE = YES;
				CLANG_WARN_UNGUARDED_AVAILABILITY = YES_AGGRESSIVE;
				CLANG_WARN_UNREACHABLE_CODE = YES;
				CLANG_WARN__DUPLICATE_METHOD_MATCH = YES;
				COPY_PHASE_STRIP = NO;
				DEBUG_INFORMATION_FORMAT = "dwarf-with-dsym";
				ENABLE_NS_ASSERTIONS = NO;
				ENABLE_STRICT_OBJC_MSGSEND = YES;
				GCC_C_LANGUAGE_STANDARD = gnu11;
				GCC_NO_COMMON_BLOCKS = YES;
				GCC_WARN_64_TO_32_BIT_CONVERSION = YES;
				GCC_WARN_ABOUT_RETURN_TYPE = YES_ERROR;
				GCC_WARN_UNDECLARED_SELECTOR = YES;
				GCC_WARN_UNINITIALIZED_AUTOS = YES_AGGRESSIVE;
				GCC_WARN_UNUSED_FUNCTION = YES;
				GCC_WARN_UNUSED_VARIABLE = YES;
				IPHONEOS_DEPLOYMENT_TARGET = 15.5;
				MTL_ENABLE_DEBUG_INFO = NO;
				MTL_FAST_MATH = YES;
				SDKROOT = iphoneos;
				SWIFT_COMPILATION_MODE = wholemodule;
				SWIFT_OPTIMIZATION_LEVEL = "-O";
				VALIDATE_PRODUCT = YES;
			};
			name = Release;
		};
		BDC2B4D028AD0699005EA2E1 /* Debug */ = {
			isa = XCBuildConfiguration;
			buildSettings = {
				ASSETCATALOG_COMPILER_APPICON_NAME = AppIcon;
				ASSETCATALOG_COMPILER_GLOBAL_ACCENT_COLOR_NAME = AccentColor;
				CODE_SIGN_STYLE = Automatic;
				CURRENT_PROJECT_VERSION = 1;
				DEVELOPMENT_ASSET_PATHS = "\"tutorial/Preview Content\"";
				ENABLE_PREVIEWS = YES;
				GENERATE_INFOPLIST_FILE = YES;
				INFOPLIST_KEY_UIApplicationSceneManifest_Generation = YES;
				INFOPLIST_KEY_UIApplicationSupportsIndirectInputEvents = YES;
				INFOPLIST_KEY_UILaunchScreen_Generation = YES;
				INFOPLIST_KEY_UISupportedInterfaceOrientations_iPad = "UIInterfaceOrientationPortrait UIInterfaceOrientationPortraitUpsideDown UIInterfaceOrientationLandscapeLeft UIInterfaceOrientationLandscapeRight";
				INFOPLIST_KEY_UISupportedInterfaceOrientations_iPhone = "UIInterfaceOrientationPortrait UIInterfaceOrientationLandscapeLeft UIInterfaceOrientationLandscapeRight";
				LD_RUNPATH_SEARCH_PATHS = (
					"$(inherited)",
					"@executable_path/Frameworks",
				);
				MARKETING_VERSION = 1.0;
				PRODUCT_BUNDLE_IDENTIFIER = com.daimu.tutorial;
				PRODUCT_NAME = "$(TARGET_NAME)";
				SWIFT_EMIT_LOC_STRINGS = YES;
				SWIFT_VERSION = 5.0;
				TARGETED_DEVICE_FAMILY = "1,2";
			};
			name = Debug;
		};
		BDC2B4D128AD0699005EA2E1 /* Release */ = {
			isa = XCBuildConfiguration;
			buildSettings = {
				ASSETCATALOG_COMPILER_APPICON_NAME = AppIcon;
				ASSETCATALOG_COMPILER_GLOBAL_ACCENT_COLOR_NAME = AccentColor;
				CODE_SIGN_STYLE = Automatic;
				CURRENT_PROJECT_VERSION = 1;
				DEVELOPMENT_ASSET_PATHS = "\"tutorial/Preview Content\"";
				ENABLE_PREVIEWS = YES;
				GENERATE_INFOPLIST_FILE = YES;
				INFOPLIST_KEY_UIApplicationSceneManifest_Generation = YES;
				INFOPLIST_KEY_UIApplicationSupportsIndirectInputEvents = YES;
				INFOPLIST_KEY_UILaunchScreen_Generation = YES;
				INFOPLIST_KEY_UISupportedInterfaceOrientations_iPad = "UIInterfaceOrientationPortrait UIInterfaceOrientationPortraitUpsideDown UIInterfaceOrientationLandscapeLeft UIInterfaceOrientationLandscapeRight";
				INFOPLIST_KEY_UISupportedInterfaceOrientations_iPhone = "UIInterfaceOrientationPortrait UIInterfaceOrientationLandscapeLeft UIInterfaceOrientationLandscapeRight";
				LD_RUNPATH_SEARCH_PATHS = (
					"$(inherited)",
					"@executable_path/Frameworks",
				);
				MARKETING_VERSION = 1.0;
				PRODUCT_BUNDLE_IDENTIFIER = com.daimu.tutorial;
				PRODUCT_NAME = "$(TARGET_NAME)";
				SWIFT_EMIT_LOC_STRINGS = YES;
				SWIFT_VERSION = 5.0;
				TARGETED_DEVICE_FAMILY = "1,2";
			};
			name = Release;
		};
/* End XCBuildConfiguration section */

/* Begin XCConfigurationList section */
		BDC2B4BC28AD0696005EA2E1 /* Build configuration list for PBXProject "tutorial" */ = {
			isa = XCConfigurationList;
			buildConfigurations = (
				BDC2B4CD28AD0699005EA2E1 /* Debug */,
				BDC2B4CE28AD0699005EA2E1 /* Release */,
			);
			defaultConfigurationIsVisible = 0;
			defaultConfigurationName = Release;
		};
		BDC2B4CF28AD0699005EA2E1 /* Build configuration list for PBXNativeTarget "tutorial" */ = {
			isa = XCConfigurationList;
			buildConfigurations = (
				BDC2B4D028AD0699005EA2E1 /* Debug */,
				BDC2B4D128AD0699005EA2E1 /* Release */,
			);
			defaultConfigurationIsVisible = 0;
			defaultConfigurationName = Release;
		};
/* End XCConfigurationList section */
	};
	rootObject = BDC2B4B928AD0696005EA2E1 /* Project object */;
}
